
Microsoft Visual Studio Solution File, Format Version 12.00
# Visual Studio 15
VisualStudioVersion = 15.0.28010.2026
MinimumVisualStudioVersion = 10.0.40219.1
Project("{8BC9CEB8-8B4A-11D0-8D11-00A0C91BC942}") = "notebook_cpp", "notebook_cpp\notebook_cpp.vcxproj", "{FBA3F882-7645-4C75-92A9-DF9BD22D8138}"
EndProject
Global
	GlobalSection(SolutionConfigurationPlatforms) = preSolution
		Debug|x64 = Debug|x64
		Debug|x86 = Debug|x86
		Release|x64 = Release|x64
		Release|x86 = Release|x86
	EndGlobalSection
	GlobalSection(ProjectConfigurationPlatforms) = postSolution
		{FBA3F882-7645-4C75-92A9-DF9BD22D8138}.Debug|x64.ActiveCfg = Debug|x64
		{FBA3F882-7645-4C75-92A9-DF9BD22D8138}.Debug|x64.Build.0 = Debug|x64
		{FBA3F882-7645-4C75-92A9-DF9BD22D8138}.Debug|x86.ActiveCfg = Debug|Win32
		{FBA3F882-7645-4C75-92A9-DF9BD22D8138}.Debug|x86.Build.0 = Debug|Win32
		{FBA3F882-7645-4C75-92A9-DF9BD22D8138}.Release|x64.ActiveCfg = Release|x64
		{FBA3F882-7645-4C75-92A9-DF9BD22D8138}.Release|x64.Build.0 = Release|x64
		{FBA3F882-7645-4C75-92A9-DF9BD22D8138}.Release|x86.ActiveCfg = Release|Win32
		{FBA3F882-7645-4C75-92A9-DF9BD22D8138}.Release|x86.Build.0 = Release|Win32
	EndGlobalSection
	GlobalSection(SolutionProperties) = preSolution
		HideSolutionNode = FALSE
	EndGlobalSection
	GlobalSection(ExtensibilityGlobals) = postSolution
		SolutionGuid = {FB12968C-EF54-4BC2-A3F2-0F10DD89C5D1}
	EndGlobalSection
EndGlobal
